{
  "name": "elohoops",
  "version": "0.0.0",
  "lockfileVersion": 3,
  "requires": true,
  "packages": {
    "": {
      "name": "elohoops",
      "version": "0.0.0",
      "workspaces": [
        "packages/*"
      ],
      "dependencies": {
        "sst": "^3"
      },
      "devDependencies": {
        "@tsconfig/node22": "^22",
        "typescript": "^5"
      }
    },
    "node_modules/@tsconfig/node22": {
      "version": "22.0.0",
      "resolved": "https://registry.npmjs.org/@tsconfig/node22/-/node22-22.0.0.tgz",
      "integrity": "sha512-twLQ77zevtxobBOD4ToAtVmuYrpeYUh3qh+TEp+08IWhpsrIflVHqQ1F1CiPxQGL7doCdBIOOCF+1Tm833faNg==",
      "dev": true,
      "license": "MIT"
    },
    "node_modules/aws4fetch": {
      "version": "1.0.20",
      "resolved": "https://registry.npmjs.org/aws4fetch/-/aws4fetch-1.0.20.tgz",
      "integrity": "sha512-/djoAN709iY65ETD6LKCtyyEI04XIBP5xVvfmNxsEP0uJB5tyaGBztSryRr4HqMStr9R06PisQE7m9zDTXKu6g==",
      "license": "MIT"
    },
    "node_modules/jose": {
      "version": "5.2.3",
      "resolved": "https://registry.npmjs.org/jose/-/jose-5.2.3.tgz",
      "integrity": "sha512-KUXdbctm1uHVL8BYhnyHkgp3zDX5KW8ZhAKVFEfUbU2P8Alpzjb+48hHvjOdQIyPshoblhzsuqOwEEAbtHVirA==",
      "license": "MIT",
      "funding": {
        "url": "https://github.com/sponsors/panva"
      }
    },
    "node_modules/lru-cache": {
      "version": "6.0.0",
      "resolved": "https://registry.npmjs.org/lru-cache/-/lru-cache-6.0.0.tgz",
      "integrity": "sha512-Jo6dJ04CmSjuznwJSS3pUeWmd/H0ffTlkXXgwZi+eq1UCmqQwCh+eLsYOYCwY991i2Fah4h1BEMCx4qThGbsiA==",
      "license": "ISC",
      "dependencies": {
        "yallist": "^4.0.0"
      },
      "engines": {
        "node": ">=10"
      }
    },
    "node_modules/object-hash": {
      "version": "2.2.0",
      "resolved": "https://registry.npmjs.org/object-hash/-/object-hash-2.2.0.tgz",
      "integrity": "sha512-gScRMn0bS5fH+IuwyIFgnh9zBdo4DV+6GhygmWM9HyNJSgS0hScp1f5vjtm7oIIOiT9trXrShAkLFSc2IqKNgw==",
      "license": "MIT",
      "engines": {
        "node": ">= 6"
      }
    },
    "node_modules/oidc-token-hash": {
      "version": "5.0.3",
      "resolved": "https://registry.npmjs.org/oidc-token-hash/-/oidc-token-hash-5.0.3.tgz",
      "integrity": "sha512-IF4PcGgzAr6XXSff26Sk/+P4KZFJVuHAJZj3wgO3vX2bMdNVp/QXTP3P7CEm9V1IdG8lDLY3HhiqpsE/nOwpPw==",
      "license": "MIT",
      "engines": {
        "node": "^10.13.0 || >=12.0.0"
      }
    },
    "node_modules/openid-client": {
      "version": "5.6.4",
      "resolved": "https://registry.npmjs.org/openid-client/-/openid-client-5.6.4.tgz",
      "integrity": "sha512-T1h3B10BRPKfcObdBklX639tVz+xh34O7GjofqrqiAQdm7eHsQ00ih18x6wuJ/E6FxdtS2u3FmUGPDeEcMwzNA==",
      "license": "MIT",
      "dependencies": {
        "jose": "^4.15.4",
        "lru-cache": "^6.0.0",
        "object-hash": "^2.2.0",
        "oidc-token-hash": "^5.0.3"
      },
      "funding": {
        "url": "https://github.com/sponsors/panva"
      }
    },
    "node_modules/openid-client/node_modules/jose": {
      "version": "4.15.9",
      "resolved": "https://registry.npmjs.org/jose/-/jose-4.15.9.tgz",
      "integrity": "sha512-1vUQX+IdDMVPj4k8kOxgUqlcK518yluMuGZwqlr44FS1ppZB/5GWh4rZG89erpOBOJjU/OBsnCVFfapsRz6nEA==",
      "license": "MIT",
      "funding": {
        "url": "https://github.com/sponsors/panva"
      }
    },
    "node_modules/sst": {
      "version": "3.5.15",
      "resolved": "https://registry.npmjs.org/sst/-/sst-3.5.15.tgz",
      "integrity": "sha512-dzVsaIwvrpZ3t9Xa15CkIEUrmc8dEF/uwy0zBBD2RqAFEhLG3rE3B/5INMX4IlUUPCJHCpg4X/MGRpCnyNNrDg==",
      "dependencies": {
        "aws4fetch": "^1.0.18",
        "jose": "5.2.3",
        "openid-client": "5.6.4"
      },
      "bin": {
        "sst": "bin/sst.mjs"
      },
      "optionalDependencies": {
        "sst-darwin-arm64": "3.5.15",
        "sst-darwin-x64": "3.5.15",
        "sst-linux-arm64": "3.5.15",
        "sst-linux-x64": "3.5.15",
        "sst-linux-x86": "3.5.15"
      }
    },
    "node_modules/sst-darwin-arm64": {
      "version": "3.5.15",
      "resolved": "https://registry.npmjs.org/sst-darwin-arm64/-/sst-darwin-arm64-3.5.15.tgz",
      "integrity": "sha512-u5zmMM+gm5+rAMcq5SUKeoeA6LR+uWE4Xev2F4gg6wD0icaD2O5V7wzGc727ws/7GNCghioHVTw0usLnIR5xrw==",
      "cpu": [
        "arm64"
      ],
      "optional": true,
      "os": [
        "darwin"
      ]
    },
    "node_modules/sst-darwin-x64": {
      "version": "3.5.15",
      "resolved": "https://registry.npmjs.org/sst-darwin-x64/-/sst-darwin-x64-3.5.15.tgz",
      "integrity": "sha512-DdjBUDpC8umlqgbCySejRlxgIpYpgakAsUEpBroobtH/2CW0WHFArB8MTWTBYPBm9eNziLdG4zGvKXq+KevU1A==",
      "cpu": [
        "x64"
      ],
      "optional": true,
      "os": [
        "darwin"
      ]
    },
    "node_modules/sst-linux-arm64": {
      "version": "3.5.15",
      "resolved": "https://registry.npmjs.org/sst-linux-arm64/-/sst-linux-arm64-3.5.15.tgz",
      "integrity": "sha512-Ji+po1AEly8XOr4dohdxNGcArOBjzYqXp0Zj/LtR2zhLGQejqp1MKMZRxhldLSp4cNtHbFLKS3lxJXHrL+0PmQ==",
      "cpu": [
        "arm64"
      ],
      "optional": true,
      "os": [
        "linux"
      ]
    },
    "node_modules/sst-linux-x64": {
      "version": "3.5.15",
      "resolved": "https://registry.npmjs.org/sst-linux-x64/-/sst-linux-x64-3.5.15.tgz",
      "integrity": "sha512-aRI0ak60WIFKIjZdBZW6HwLQ6JqFOIQZcXEpBDUQhul3lB6qqxi4gFBdMWVdDt2zH4GKFXt+Cxg9I3ZWai+U6g==",
      "cpu": [
        "x64"
      ],
      "optional": true,
      "os": [
        "linux"
      ]
    },
    "node_modules/sst-linux-x86": {
      "version": "3.5.15",
      "resolved": "https://registry.npmjs.org/sst-linux-x86/-/sst-linux-x86-3.5.15.tgz",
      "integrity": "sha512-RSL/fvHqa3rr8oj9dZttrm2Cf8tcOM4/s5WoaeQYCiOHuImihHKVZDbnDpmewFc4wjgdwH8dh7E9WWqa7PzS2Q==",
      "cpu": [
        "x86"
      ],
      "optional": true,
      "os": [
        "linux"
      ]
    },
    "node_modules/typescript": {
      "version": "5.7.3",
      "resolved": "https://registry.npmjs.org/typescript/-/typescript-5.7.3.tgz",
      "integrity": "sha512-84MVSjMEHP+FQRPy3pX9sTVV/INIex71s9TL2Gm5FG/WG1SqXeKyZ0k7/blY/4FdOzI12CBy1vGc4og/eus0fw==",
      "dev": true,
      "license": "Apache-2.0",
      "bin": {
        "tsc": "bin/tsc",
        "tsserver": "bin/tsserver"
      },
      "engines": {
        "node": ">=14.17"
      }
    },
    "node_modules/yallist": {
      "version": "4.0.0",
      "resolved": "https://registry.npmjs.org/yallist/-/yallist-4.0.0.tgz",
      "integrity": "sha512-3wdGidZyq5PB084XLES5TpOSRA3wjXAlIWMhum2kRcv/41Sn2emQ0dycQW4uZXLejwKvg6EsvbdlVL+FYEct7A==",
      "license": "ISC"
    },
    "packages/core": {
      "name": "@elohoops/core",
      "version": "0.0.0",
      "extraneous": true,
      "dependencies": {
        "sst": "*"
      },
      "devDependencies": {
        "vitest": "^2"
      }
    },
    "packages/functions": {
      "name": "@elohoops/functions",
      "version": "0.0.0",
      "extraneous": true,
      "dependencies": {
        "@elohoops/core": "*",
        "sst": "*"
      },
      "devDependencies": {
        "@types/aws-lambda": "^8"
      }
    },
    "packages/scripts": {
      "name": "@elohoops/scripts",
      "version": "0.0.0",
      "extraneous": true,
      "dependencies": {
        "@elohoops/core": "*",
        "sst": "*"
      },
      "devDependencies": {
        "@types/node": "^22",
        "tsx": "^4"
      }
    }
  }
}
